
Microsoft Visual Studio Solution File, Format Version 12.00
# Visual Studio Version 17
VisualStudioVersion = 17.10.34928.147
MinimumVisualStudioVersion = 10.0.40219.1
Project("{FAE04EC0-301F-11D3-BF4B-00C04F79EFBC}") = "CapaPresentacion", "CapaPresentacion\CapaPresentacion.csproj", "{1E8A2422-6746-4E77-86D1-94ED55804EC5}"
EndProject
Project("{FAE04EC0-301F-11D3-BF4B-00C04F79EFBC}") = "CapaLogicaNegocios", "CapaLogicaNegocios\CapaLogicaNegocios.csproj", "{8120013B-1412-4CDE-AA71-28A48035B0EE}"
EndProject
Project("{FAE04EC0-301F-11D3-BF4B-00C04F79EFBC}") = "CapaAccesoDatos", "CapaAccesoDatos\CapaAccesoDatos.csproj", "{2480F2D5-66B2-40EE-B1C2-5E84104BECFB}"
EndProject
Global
	GlobalSection(SolutionConfigurationPlatforms) = preSolution
		Debug|Any CPU = Debug|Any CPU
		Release|Any CPU = Release|Any CPU
	EndGlobalSection
	GlobalSection(ProjectConfigurationPlatforms) = postSolution
		{1E8A2422-6746-4E77-86D1-94ED55804EC5}.Debug|Any CPU.ActiveCfg = Debug|Any CPU
		{1E8A2422-6746-4E77-86D1-94ED55804EC5}.Debug|Any CPU.Build.0 = Debug|Any CPU
		{1E8A2422-6746-4E77-86D1-94ED55804EC5}.Release|Any CPU.ActiveCfg = Release|Any CPU
		{1E8A2422-6746-4E77-86D1-94ED55804EC5}.Release|Any CPU.Build.0 = Release|Any CPU
		{8120013B-1412-4CDE-AA71-28A48035B0EE}.Debug|Any CPU.ActiveCfg = Debug|Any CPU
		{8120013B-1412-4CDE-AA71-28A48035B0EE}.Debug|Any CPU.Build.0 = Debug|Any CPU
		{8120013B-1412-4CDE-AA71-28A48035B0EE}.Release|Any CPU.ActiveCfg = Release|Any CPU
		{8120013B-1412-4CDE-AA71-28A48035B0EE}.Release|Any CPU.Build.0 = Release|Any CPU
		{2480F2D5-66B2-40EE-B1C2-5E84104BECFB}.Debug|Any CPU.ActiveCfg = Debug|Any CPU
		{2480F2D5-66B2-40EE-B1C2-5E84104BECFB}.Debug|Any CPU.Build.0 = Debug|Any CPU
		{2480F2D5-66B2-40EE-B1C2-5E84104BECFB}.Release|Any CPU.ActiveCfg = Release|Any CPU
		{2480F2D5-66B2-40EE-B1C2-5E84104BECFB}.Release|Any CPU.Build.0 = Release|Any CPU
	EndGlobalSection
	GlobalSection(SolutionProperties) = preSolution
		HideSolutionNode = FALSE
	EndGlobalSection
	GlobalSection(ExtensibilityGlobals) = postSolution
		SolutionGuid = {0813123C-6D62-4646-9FAA-E44AF842510D}
	EndGlobalSection
EndGlobal
